
Microsoft Visual Studio Solution File, Format Version 12.00
# Visual Studio Version 17
VisualStudioVersion = 17.11.35312.102
MinimumVisualStudioVersion = 10.0.40219.1
Project("{2150E333-8FDC-42A3-9474-1A3956D46DE8}") = "Task0", "Task0", "{D5218086-56A6-4A2E-801D-A6AF1833B810}"
EndProject
Project("{FAE04EC0-301F-11D3-BF4B-00C04F79EFBC}") = "Tyuiu.MokhamedAA.Sprint6.Task0.V12.Test", "Tyuiu.MokhamedAA.Sprint6.Task0.V12.Test\Tyuiu.MokhamedAA.Sprint6.Task0.V12.Test.csproj", "{7ECF93D6-757F-4711-A975-024BE5C39B9F}"
EndProject
Project("{FAE04EC0-301F-11D3-BF4B-00C04F79EFBC}") = "Tyuiu.MokhamedAA.Sprint6.Task0.V12.Lib", "Tyuiu.MokhamedAA.Sprint6.Task0.V12.Lib\Tyuiu.MokhamedAA.Sprint6.Task0.V12.Lib.csproj", "{58A4CCBF-B015-4DEF-9A0E-637E83CB7D64}"
EndProject
Project("{FAE04EC0-301F-11D3-BF4B-00C04F79EFBC}") = "Tyuiu.MokhamedAA.Sprint6.Task0.V12", "Tyuiu.MokhamedAA.Sprint6.Task0.V12\Tyuiu.MokhamedAA.Sprint6.Task0.V12.csproj", "{7EDF904C-7B5A-4627-9432-7D361639CD85}"
EndProject
Project("{2150E333-8FDC-42A3-9474-1A3956D46DE8}") = "Task1", "Task1", "{0E643697-121F-4374-8315-44AF98EFC1E8}"
EndProject
Project("{FAE04EC0-301F-11D3-BF4B-00C04F79EFBC}") = "Tyuiu.MokhamedAA.Sprint6.Task1.V9", "Tyuiu.MokhamedAA.Sprint6.Task1.V9\Tyuiu.MokhamedAA.Sprint6.Task1.V9.csproj", "{E879685D-AE15-4258-BF89-E82EBAC24666}"
EndProject
Project("{FAE04EC0-301F-11D3-BF4B-00C04F79EFBC}") = "Tyuiu.MokhamedAA.Sprint6.Task1.V9.Lib", "Tyuiu.MokhamedAA.Sprint6.Task1.V9.Lib\Tyuiu.MokhamedAA.Sprint6.Task1.V9.Lib.csproj", "{6E944181-1ED3-41CB-A7C2-FC96AADCD14E}"
EndProject
Project("{FAE04EC0-301F-11D3-BF4B-00C04F79EFBC}") = "Tyuiu.MokhamedAA.Sprint6.Task1.V9.Test", "Tyuiu.MokhamedAA.Sprint6.Task1.V9.Test\Tyuiu.MokhamedAA.Sprint6.Task1.V9.Test.csproj", "{632933B5-0D6A-45ED-8A9A-4FFC1FE01DDE}"
EndProject
Project("{2150E333-8FDC-42A3-9474-1A3956D46DE8}") = "Task2", "Task2", "{CF855A13-2DD2-48CE-9126-9E96EADB9224}"
EndProject
Project("{FAE04EC0-301F-11D3-BF4B-00C04F79EFBC}") = "Tyuiu.MokhamedAA.Sprint6.Task2.V3", "Tyuiu.MokhamedAA.Sprint6.Task2.V3\Tyuiu.MokhamedAA.Sprint6.Task2.V3.csproj", "{CC394E08-271E-4120-ACFC-9C4422F9DA79}"
EndProject
Project("{FAE04EC0-301F-11D3-BF4B-00C04F79EFBC}") = "Tyuiu.MokhamedAA.Sprint6.Task2.V3.Lib", "Tyuiu.MokhamedAA.Sprint6.Task2.V3.Lib\Tyuiu.MokhamedAA.Sprint6.Task2.V3.Lib.csproj", "{6E549815-C802-41C3-9540-4607D6B19A16}"
EndProject
Project("{FAE04EC0-301F-11D3-BF4B-00C04F79EFBC}") = "Tyuiu.MokhamedAA.Sprint6.Task2.V3.Test", "Tyuiu.MokhamedAA.Sprint6.Task2.V3.Test\Tyuiu.MokhamedAA.Sprint6.Task2.V3.Test.csproj", "{FA617546-462E-4E59-B000-44DE5673471B}"
EndProject
Global
	GlobalSection(SolutionConfigurationPlatforms) = preSolution
		Debug|Any CPU = Debug|Any CPU
		Release|Any CPU = Release|Any CPU
	EndGlobalSection
	GlobalSection(ProjectConfigurationPlatforms) = postSolution
		{7ECF93D6-757F-4711-A975-024BE5C39B9F}.Debug|Any CPU.ActiveCfg = Debug|Any CPU
		{7ECF93D6-757F-4711-A975-024BE5C39B9F}.Debug|Any CPU.Build.0 = Debug|Any CPU
		{7ECF93D6-757F-4711-A975-024BE5C39B9F}.Release|Any CPU.ActiveCfg = Release|Any CPU
		{7ECF93D6-757F-4711-A975-024BE5C39B9F}.Release|Any CPU.Build.0 = Release|Any CPU
		{58A4CCBF-B015-4DEF-9A0E-637E83CB7D64}.Debug|Any CPU.ActiveCfg = Debug|Any CPU
		{58A4CCBF-B015-4DEF-9A0E-637E83CB7D64}.Debug|Any CPU.Build.0 = Debug|Any CPU
		{58A4CCBF-B015-4DEF-9A0E-637E83CB7D64}.Release|Any CPU.ActiveCfg = Release|Any CPU
		{58A4CCBF-B015-4DEF-9A0E-637E83CB7D64}.Release|Any CPU.Build.0 = Release|Any CPU
		{7EDF904C-7B5A-4627-9432-7D361639CD85}.Debug|Any CPU.ActiveCfg = Debug|Any CPU
		{7EDF904C-7B5A-4627-9432-7D361639CD85}.Debug|Any CPU.Build.0 = Debug|Any CPU
		{7EDF904C-7B5A-4627-9432-7D361639CD85}.Release|Any CPU.ActiveCfg = Release|Any CPU
		{7EDF904C-7B5A-4627-9432-7D361639CD85}.Release|Any CPU.Build.0 = Release|Any CPU
		{E879685D-AE15-4258-BF89-E82EBAC24666}.Debug|Any CPU.ActiveCfg = Debug|Any CPU
		{E879685D-AE15-4258-BF89-E82EBAC24666}.Debug|Any CPU.Build.0 = Debug|Any CPU
		{E879685D-AE15-4258-BF89-E82EBAC24666}.Release|Any CPU.ActiveCfg = Release|Any CPU
		{E879685D-AE15-4258-BF89-E82EBAC24666}.Release|Any CPU.Build.0 = Release|Any CPU
		{6E944181-1ED3-41CB-A7C2-FC96AADCD14E}.Debug|Any CPU.ActiveCfg = Debug|Any CPU
		{6E944181-1ED3-41CB-A7C2-FC96AADCD14E}.Debug|Any CPU.Build.0 = Debug|Any CPU
		{6E944181-1ED3-41CB-A7C2-FC96AADCD14E}.Release|Any CPU.ActiveCfg = Release|Any CPU
		{6E944181-1ED3-41CB-A7C2-FC96AADCD14E}.Release|Any CPU.Build.0 = Release|Any CPU
		{632933B5-0D6A-45ED-8A9A-4FFC1FE01DDE}.Debug|Any CPU.ActiveCfg = Debug|Any CPU
		{632933B5-0D6A-45ED-8A9A-4FFC1FE01DDE}.Debug|Any CPU.Build.0 = Debug|Any CPU
		{632933B5-0D6A-45ED-8A9A-4FFC1FE01DDE}.Release|Any CPU.ActiveCfg = Release|Any CPU
		{632933B5-0D6A-45ED-8A9A-4FFC1FE01DDE}.Release|Any CPU.Build.0 = Release|Any CPU
		{CC394E08-271E-4120-ACFC-9C4422F9DA79}.Debug|Any CPU.ActiveCfg = Debug|Any CPU
		{CC394E08-271E-4120-ACFC-9C4422F9DA79}.Debug|Any CPU.Build.0 = Debug|Any CPU
		{CC394E08-271E-4120-ACFC-9C4422F9DA79}.Release|Any CPU.ActiveCfg = Release|Any CPU
		{CC394E08-271E-4120-ACFC-9C4422F9DA79}.Release|Any CPU.Build.0 = Release|Any CPU
		{6E549815-C802-41C3-9540-4607D6B19A16}.Debug|Any CPU.ActiveCfg = Debug|Any CPU
		{6E549815-C802-41C3-9540-4607D6B19A16}.Debug|Any CPU.Build.0 = Debug|Any CPU
		{6E549815-C802-41C3-9540-4607D6B19A16}.Release|Any CPU.ActiveCfg = Release|Any CPU
		{6E549815-C802-41C3-9540-4607D6B19A16}.Release|Any CPU.Build.0 = Release|Any CPU
		{FA617546-462E-4E59-B000-44DE5673471B}.Debug|Any CPU.ActiveCfg = Debug|Any CPU
		{FA617546-462E-4E59-B000-44DE5673471B}.Debug|Any CPU.Build.0 = Debug|Any CPU
		{FA617546-462E-4E59-B000-44DE5673471B}.Release|Any CPU.ActiveCfg = Release|Any CPU
		{FA617546-462E-4E59-B000-44DE5673471B}.Release|Any CPU.Build.0 = Release|Any CPU
	EndGlobalSection
	GlobalSection(SolutionProperties) = preSolution
		HideSolutionNode = FALSE
	EndGlobalSection
	GlobalSection(NestedProjects) = preSolution
		{7ECF93D6-757F-4711-A975-024BE5C39B9F} = {D5218086-56A6-4A2E-801D-A6AF1833B810}
		{58A4CCBF-B015-4DEF-9A0E-637E83CB7D64} = {D5218086-56A6-4A2E-801D-A6AF1833B810}
		{7EDF904C-7B5A-4627-9432-7D361639CD85} = {D5218086-56A6-4A2E-801D-A6AF1833B810}
		{E879685D-AE15-4258-BF89-E82EBAC24666} = {0E643697-121F-4374-8315-44AF98EFC1E8}
		{6E944181-1ED3-41CB-A7C2-FC96AADCD14E} = {0E643697-121F-4374-8315-44AF98EFC1E8}
		{632933B5-0D6A-45ED-8A9A-4FFC1FE01DDE} = {0E643697-121F-4374-8315-44AF98EFC1E8}
		{CC394E08-271E-4120-ACFC-9C4422F9DA79} = {CF855A13-2DD2-48CE-9126-9E96EADB9224}
		{6E549815-C802-41C3-9540-4607D6B19A16} = {CF855A13-2DD2-48CE-9126-9E96EADB9224}
		{FA617546-462E-4E59-B000-44DE5673471B} = {CF855A13-2DD2-48CE-9126-9E96EADB9224}
	EndGlobalSection
	GlobalSection(ExtensibilityGlobals) = postSolution
		SolutionGuid = {CE68D7D8-CF37-412F-AEF4-4747F1883B2F}
	EndGlobalSection
EndGlobal
